
Microsoft Visual Studio Solution File, Format Version 12.00
# Visual Studio Version 16
VisualStudioVersion = 16.0.29318.209
MinimumVisualStudioVersion = 10.0.40219.1
Project("{888888A0-9F3D-457C-B088-3A5042F75D52}") = "flask-oi-currency-bot-app", "flask-oi-currency-bot-app.pyproj", "{65B58CED-0373-4A02-824B-ECD1B24C389A}"
EndProject
Global
	GlobalSection(SolutionConfigurationPlatforms) = preSolution
		Debug|Any CPU = Debug|Any CPU
		Release|Any CPU = Release|Any CPU
	EndGlobalSection
	GlobalSection(ProjectConfigurationPlatforms) = postSolution
		{65B58CED-0373-4A02-824B-ECD1B24C389A}.Debug|Any CPU.ActiveCfg = Debug|Any CPU
		{65B58CED-0373-4A02-824B-ECD1B24C389A}.Debug|Any CPU.Build.0 = Debug|Any CPU
		{65B58CED-0373-4A02-824B-ECD1B24C389A}.Release|Any CPU.ActiveCfg = Release|Any CPU
		{65B58CED-0373-4A02-824B-ECD1B24C389A}.Release|Any CPU.Build.0 = Release|Any CPU
	EndGlobalSection
	GlobalSection(SolutionProperties) = preSolution
		HideSolutionNode = FALSE
	EndGlobalSection
	GlobalSection(ExtensibilityGlobals) = postSolution
		SolutionGuid = {25FA5951-6A6B-4D68-A82E-73C0D484F9A5}
	EndGlobalSection
EndGlobal
